// !$*UTF8*$!
{
	archiveVersion = 1;
	classes = {
	};
	objectVersion = 46;
	objects = {

/* Begin PBXBuildFile section */
		C4CFD49119ABD563000032A9 /* main.m in Sources */ = {isa = PBXBuildFile; fileRef = C4CFD49019ABD563000032A9 /* main.m */; };
		C4CFD49419ABD563000032A9 /* AppDelegate.m in Sources */ = {isa = PBXBuildFile; fileRef = C4CFD49319ABD563000032A9 /* AppDelegate.m */; };
		C4CFD49619ABD563000032A9 /* Images.xcassets in Resources */ = {isa = PBXBuildFile; fileRef = C4CFD49519ABD563000032A9 /* Images.xcassets */; };
		C4CFD49919ABD563000032A9 /* MainMenu.xib in Resources */ = {isa = PBXBuildFile; fileRef = C4CFD49719ABD563000032A9 /* MainMenu.xib */; };
		C4CFD4A519ABD563000032A9 /* Compound_interest_calculatorTests.m in Sources */ = {isa = PBXBuildFile; fileRef = C4CFD4A419ABD563000032A9 /* Compound_interest_calculatorTests.m */; };
		C4CFD4AF19ABD583000032A9 /* Cocoa.framework in Frameworks */ = {isa = PBXBuildFile; fileRef = C4CFD4AE19ABD583000032A9 /* Cocoa.framework */; };
/* End PBXBuildFile section */

/* Begin PBXContainerItemProxy section */
		C4CFD49F19ABD563000032A9 /* PBXContainerItemProxy */ = {
			isa = PBXContainerItemProxy;
			containerPortal = C4CFD48319ABD563000032A9 /* Project object */;
			proxyType = 1;
			remoteGlobalIDString = C4CFD48A19ABD563000032A9;
			remoteInfo = "Compound interest calculator";
		};
/* End PBXContainerItemProxy section */

/* Begin PBXFileReference section */
		C4CFD48B19ABD563000032A9 /* Compound interest calculator.app */ = {isa = PBXFileReference; explicitFileType = wrapper.application; includeInIndex = 0; path = "Compound interest calculator.app"; sourceTree = BUILT_PRODUCTS_DIR; };
		C4CFD48F19ABD563000032A9 /* Info.plist */ = {isa = PBXFileReference; lastKnownFileType = text.plist.xml; path = Info.plist; sourceTree = "<group>"; };
		C4CFD49019ABD563000032A9 /* main.m */ = {isa = PBXFileReference; lastKnownFileType = sourcecode.c.objc; path = main.m; sourceTree = "<group>"; };
		C4CFD49219ABD563000032A9 /* AppDelegate.h */ = {isa = PBXFileReference; lastKnownFileType = sourcecode.c.h; path = AppDelegate.h; sourceTree = "<group>"; };
		C4CFD49319ABD563000032A9 /* AppDelegate.m */ = {isa = PBXFileReference; lastKnownFileType = sourcecode.c.objc; path = AppDelegate.m; sourceTree = "<group>"; };
		C4CFD49519ABD563000032A9 /* Images.xcassets */ = {isa = PBXFileReference; lastKnownFileType = folder.assetcatalog; path = Images.xcassets; sourceTree = "<group>"; };
		C4CFD49819ABD563000032A9 /* Base */ = {isa = PBXFileReference; lastKnownFileType = file.xib; name = Base; path = Base.lproj/MainMenu.xib; sourceTree = "<group>"; };
		C4CFD49E19ABD563000032A9 /* Compound interest calculatorTests.xctest */ = {isa = PBXFileReference; explicitFileType = wrapper.cfbundle; includeInIndex = 0; path = "Compound interest calculatorTests.xctest"; sourceTree = BUILT_PRODUCTS_DIR; };
		C4CFD4A319ABD563000032A9 /* Info.plist */ = {isa = PBXFileReference; lastKnownFileType = text.plist.xml; path = Info.plist; sourceTree = "<group>"; };
		C4CFD4A419ABD563000032A9 /* Compound_interest_calculatorTests.m */ = {isa = PBXFileReference; lastKnownFileType = sourcecode.c.objc; path = Compound_interest_calculatorTests.m; sourceTree = "<group>"; };
		C4CFD4AE19ABD583000032A9 /* Cocoa.framework */ = {isa = PBXFileReference; lastKnownFileType = wrapper.framework; name = Cocoa.framework; path = System/Library/Frameworks/Cocoa.framework; sourceTree = SDKROOT; };
/* End PBXFileReference section */

/* Begin PBXFrameworksBuildPhase section */
		C4CFD48819ABD563000032A9 /* Frameworks */ = {
			isa = PBXFrameworksBuildPhase;
			buildActionMask = 2147483647;
			files = (
				C4CFD4AF19ABD583000032A9 /* Cocoa.framework in Frameworks */,
			);
			runOnlyForDeploymentPostprocessing = 0;
		};
		C4CFD49B19ABD563000032A9 /* Frameworks */ = {
			isa = PBXFrameworksBuildPhase;
			buildActionMask = 2147483647;
			files = (
			);
			runOnlyForDeploymentPostprocessing = 0;
		};
/* End PBXFrameworksBuildPhase section */

/* Begin PBXGroup section */
		C4CFD48219ABD563000032A9 = {
			isa = PBXGroup;
			children = (
				C4CFD4AE19ABD583000032A9 /* Cocoa.framework */,
				C4CFD48D19ABD563000032A9 /* Compound interest calculator */,
				C4CFD4A119ABD563000032A9 /* Compound interest calculatorTests */,
				C4CFD48C19ABD563000032A9 /* Products */,
			);
			sourceTree = "<group>";
		};
		C4CFD48C19ABD563000032A9 /* Products */ = {
			isa = PBXGroup;
			children = (
				C4CFD48B19ABD563000032A9 /* Compound interest calculator.app */,
				C4CFD49E19ABD563000032A9 /* Compound interest calculatorTests.xctest */,
			);
			name = Products;
			sourceTree = "<group>";
		};
		C4CFD48D19ABD563000032A9 /* Compound interest calculator */ = {
			isa = PBXGroup;
			children = (
				C4CFD49219ABD563000032A9 /* AppDelegate.h */,
				C4CFD49319ABD563000032A9 /* AppDelegate.m */,
				C4CFD49519ABD563000032A9 /* Images.xcassets */,
				C4CFD49719ABD563000032A9 /* MainMenu.xib */,
				C4CFD48E19ABD563000032A9 /* Supporting Files */,
			);
			path = "Compound interest calculator";
			sourceTree = "<group>";
		};
		C4CFD48E19ABD563000032A9 /* Supporting Files */ = {
			isa = PBXGroup;
			children = (
				C4CFD48F19ABD563000032A9 /* Info.plist */,
				C4CFD49019ABD563000032A9 /* main.m */,
			);
			name = "Supporting Files";
			sourceTree = "<group>";
		};
		C4CFD4A119ABD563000032A9 /* Compound interest calculatorTests */ = {
			isa = PBXGroup;
			children = (
				C4CFD4A419ABD563000032A9 /* Compound_interest_calculatorTests.m */,
				C4CFD4A219ABD563000032A9 /* Supporting Files */,
			);
			path = "Compound interest calculatorTests";
			sourceTree = "<group>";
		};
		C4CFD4A219ABD563000032A9 /* Supporting Files */ = {
			isa = PBXGroup;
			children = (
				C4CFD4A319ABD563000032A9 /* Info.plist */,
			);
			name = "Supporting Files";
			sourceTree = "<group>";
		};
/* End PBXGroup section */

/* Begin PBXNativeTarget section */
		C4CFD48A19ABD563000032A9 /* Compound interest calculator */ = {
			isa = PBXNativeTarget;
			buildConfigurationList = C4CFD4A819ABD563000032A9 /* Build configuration list for PBXNativeTarget "Compound interest calculator" */;
			buildPhases = (
				C4CFD48719ABD563000032A9 /* Sources */,
				C4CFD48819ABD563000032A9 /* Frameworks */,
				C4CFD48919ABD563000032A9 /* Resources */,
			);
			buildRules = (
			);
			dependencies = (
			);
			name = "Compound interest calculator";
			productName = "Compound interest calculator";
			productReference = C4CFD48B19ABD563000032A9 /* Compound interest calculator.app */;
			productType = "com.apple.product-type.application";
		};
		C4CFD49D19ABD563000032A9 /* Compound interest calculatorTests */ = {
			isa = PBXNativeTarget;
			buildConfigurationList = C4CFD4AB19ABD563000032A9 /* Build configuration list for PBXNativeTarget "Compound interest calculatorTests" */;
			buildPhases = (
				C4CFD49A19ABD563000032A9 /* Sources */,
				C4CFD49B19ABD563000032A9 /* Frameworks */,
				C4CFD49C19ABD563000032A9 /* Resources */,
			);
			buildRules = (
			);
			dependencies = (
				C4CFD4A019ABD563000032A9 /* PBXTargetDependency */,
			);
			name = "Compound interest calculatorTests";
			productName = "Compound interest calculatorTests";
			productReference = C4CFD49E19ABD563000032A9 /* Compound interest calculatorTests.xctest */;
			productType = "com.apple.product-type.bundle.unit-test";
		};
/* End PBXNativeTarget section */

/* Begin PBXProject section */
		C4CFD48319ABD563000032A9 /* Project object */ = {
			isa = PBXProject;
			attributes = {
				LastUpgradeCheck = 0600;
				ORGANIZATIONNAME = "Wojciech Stasiński";
				TargetAttributes = {
					C4CFD48A19ABD563000032A9 = {
						CreatedOnToolsVersion = 6.0;
					};
					C4CFD49D19ABD563000032A9 = {
						CreatedOnToolsVersion = 6.0;
						TestTargetID = C4CFD48A19ABD563000032A9;
					};
				};
			};
			buildConfigurationList = C4CFD48619ABD563000032A9 /* Build configuration list for PBXProject "Compound interest calculator" */;
			compatibilityVersion = "Xcode 3.2";
			developmentRegion = English;
			hasScannedForEncodings = 0;
			knownRegions = (
				en,
				Base,
			);
			mainGroup = C4CFD48219ABD563000032A9;
			productRefGroup = C4CFD48C19ABD563000032A9 /* Products */;
			projectDirPath = "";
			projectRoot = "";
			targets = (
				C4CFD48A19ABD563000032A9 /* Compound interest calculator */,
				C4CFD49D19ABD563000032A9 /* Compound interest calculatorTests */,
			);
		};
/* End PBXProject section */

/* Begin PBXResourcesBuildPhase section */
		C4CFD48919ABD563000032A9 /* Resources */ = {
			isa = PBXResourcesBuildPhase;
			buildActionMask = 2147483647;
			files = (
				C4CFD49619ABD563000032A9 /* Images.xcassets in Resources */,
				C4CFD49919ABD563000032A9 /* MainMenu.xib in Resources */,
			);
			runOnlyForDeploymentPostprocessing = 0;
		};
		C4CFD49C19ABD563000032A9 /* Resources */ = {
			isa = PBXResourcesBuildPhase;
			buildActionMask = 2147483647;
			files = (
			);
			runOnlyForDeploymentPostprocessing = 0;
		};
/* End PBXResourcesBuildPhase section */

/* Begin PBXSourcesBuildPhase section */
		C4CFD48719ABD563000032A9 /* Sources */ = {
			isa = PBXSourcesBuildPhase;
			buildActionMask = 2147483647;
			files = (
				C4CFD49419ABD563000032A9 /* AppDelegate.m in Sources */,
				C4CFD49119ABD563000032A9 /* main.m in Sources */,
			);
			runOnlyForDeploymentPostprocessing = 0;
		};
		C4CFD49A19ABD563000032A9 /* Sources */ = {
			isa = PBXSourcesBuildPhase;
			buildActionMask = 2147483647;
			files = (
				C4CFD4A519ABD563000032A9 /* Compound_interest_calculatorTests.m in Sources */,
			);
			runOnlyForDeploymentPostprocessing = 0;
		};
/* End PBXSourcesBuildPhase section */

/* Begin PBXTargetDependency section */
		C4CFD4A019ABD563000032A9 /* PBXTargetDependency */ = {
			isa = PBXTargetDependency;
			target = C4CFD48A19ABD563000032A9 /* Compound interest calculator */;
			targetProxy = C4CFD49F19ABD563000032A9 /* PBXContainerItemProxy */;
		};
/* End PBXTargetDependency section */

/* Begin PBXVariantGroup section */
		C4CFD49719ABD563000032A9 /* MainMenu.xib */ = {
			isa = PBXVariantGroup;
			children = (
				C4CFD49819ABD563000032A9 /* Base */,
			);
			name = MainMenu.xib;
			sourceTree = "<group>";
		};
/* End PBXVariantGroup section */

/* Begin XCBuildConfiguration section */
		C4CFD4A619ABD563000032A9 /* Debug */ = {
			isa = XCBuildConfiguration;
			buildSettings = {
				ALWAYS_SEARCH_USER_PATHS = NO;
				CLANG_CXX_LANGUAGE_STANDARD = "gnu++0x";
				CLANG_CXX_LIBRARY = "libc++";
				CLANG_ENABLE_MODULES = YES;
				CLANG_ENABLE_OBJC_ARC = YES;
				CLANG_WARN_BOOL_CONVERSION = YES;
				CLANG_WARN_CONSTANT_CONVERSION = YES;
				CLANG_WARN_DIRECT_OBJC_ISA_USAGE = YES_ERROR;
				CLANG_WARN_EMPTY_BODY = YES;
				CLANG_WARN_ENUM_CONVERSION = YES;
				CLANG_WARN_INT_CONVERSION = YES;
				CLANG_WARN_OBJC_ROOT_CLASS = YES_ERROR;
				CLANG_WARN_UNREACHABLE_CODE = YES;
				CLANG_WARN__DUPLICATE_METHOD_MATCH = YES;
				CODE_SIGN_IDENTITY = "-";
				COPY_PHASE_STRIP = NO;
				ENABLE_STRICT_OBJC_MSGSEND = YES;
				GCC_C_LANGUAGE_STANDARD = gnu99;
				GCC_DYNAMIC_NO_PIC = NO;
				GCC_OPTIMIZATION_LEVEL = 0;
				GCC_PREPROCESSOR_DEFINITIONS = (
					"DEBUG=1",
					"$(inherited)",
				);
				GCC_SYMBOLS_PRIVATE_EXTERN = NO;
				GCC_WARN_64_TO_32_BIT_CONVERSION = YES;
				GCC_WARN_ABOUT_RETURN_TYPE = YES_ERROR;
				GCC_WARN_UNDECLARED_SELECTOR = YES;
				GCC_WARN_UNINITIALIZED_AUTOS = YES_AGGRESSIVE;
				GCC_WARN_UNUSED_FUNCTION = YES;
				GCC_WARN_UNUSED_VARIABLE = YES;
				MACOSX_DEPLOYMENT_TARGET = 10.10;
				MTL_ENABLE_DEBUG_INFO = YES;
				ONLY_ACTIVE_ARCH = YES;
				SDKROOT = macosx;
			};
			name = Debug;
		};
		C4CFD4A719ABD563000032A9 /* Release */ = {
			isa = XCBuildConfiguration;
			buildSettings = {
				ALWAYS_SEARCH_USER_PATHS = NO;
				CLANG_CXX_LANGUAGE_STANDARD = "gnu++0x";
				CLANG_CXX_LIBRARY = "libc++";
				CLANG_ENABLE_MODULES = YES;
				CLANG_ENABLE_OBJC_ARC = YES;
				CLANG_WARN_BOOL_CONVERSION = YES;
				CLANG_WARN_CONSTANT_CONVERSION = YES;
				CLANG_WARN_DIRECT_OBJC_ISA_USAGE = YES_ERROR;
				CLANG_WARN_EMPTY_BODY = YES;
				CLANG_WARN_ENUM_CONVERSION = YES;
				CLANG_WARN_INT_CONVERSION = YES;
				CLANG_WARN_OBJC_ROOT_CLASS = YES_ERROR;
				CLANG_WARN_UNREACHABLE_CODE = YES;
				CLANG_WARN__DUPLICATE_METHOD_MATCH = YES;
				CODE_SIGN_IDENTITY = "-";
				COPY_PHASE_STRIP = YES;
				DEBUG_INFORMATION_FORMAT = "dwarf-with-dsym";
				ENABLE_NS_ASSERTIONS = NO;
				ENABLE_STRICT_OBJC_MSGSEND = YES;
				GCC_C_LANGUAGE_STANDARD = gnu99;
				GCC_WARN_64_TO_32_BIT_CONVERSION = YES;
				GCC_WARN_ABOUT_RETURN_TYPE = YES_ERROR;
				GCC_WARN_UNDECLARED_SELECTOR = YES;
				GCC_WARN_UNINITIALIZED_AUTOS = YES_AGGRESSIVE;
				GCC_WARN_UNUSED_FUNCTION = YES;
				GCC_WARN_UNUSED_VARIABLE = YES;
				MACOSX_DEPLOYMENT_TARGET = 10.10;
				MTL_ENABLE_DEBUG_INFO = NO;
				SDKROOT = macosx;
			};
			name = Release;
		};
		C4CFD4A919ABD563000032A9 /* Debug */ = {
			isa = XCBuildConfiguration;
			buildSettings = {
				ASSETCATALOG_COMPILER_APPICON_NAME = AppIcon;
				COMBINE_HIDPI_IMAGES = YES;
				INFOPLIST_FILE = "Compound interest calculator/Info.plist";
				LD_RUNPATH_SEARCH_PATHS = "$(inherited) @executable_path/../Frameworks";
				PRODUCT_NAME = "$(TARGET_NAME)";
			};
			name = Debug;
		};
		C4CFD4AA19ABD563000032A9 /* Release */ = {
			isa = XCBuildConfiguration;
			buildSettings = {
				ASSETCATALOG_COMPILER_APPICON_NAME = AppIcon;
				COMBINE_HIDPI_IMAGES = YES;
				INFOPLIST_FILE = "Compound interest calculator/Info.plist";
				LD_RUNPATH_SEARCH_PATHS = "$(inherited) @executable_path/../Frameworks";
				PRODUCT_NAME = "$(TARGET_NAME)";
			};
			name = Release;
		};
		C4CFD4AC19ABD563000032A9 /* Debug */ = {
			isa = XCBuildConfiguration;
			buildSettings = {
				BUNDLE_LOADER = "$(TEST_HOST)";
				COMBINE_HIDPI_IMAGES = YES;
				FRAMEWORK_SEARCH_PATHS = (
					"$(DEVELOPER_FRAMEWORKS_DIR)",
					"$(inherited)",
				);
				GCC_PREPROCESSOR_DEFINITIONS = (
					"DEBUG=1",
					"$(inherited)",
				);
				INFOPLIST_FILE = "Compound interest calculatorTests/Info.plist";
				LD_RUNPATH_SEARCH_PATHS = "$(inherited) @executable_path/../Frameworks @loader_path/../Frameworks";
				PRODUCT_NAME = "$(TARGET_NAME)";
				TEST_HOST = "$(BUILT_PRODUCTS_DIR)/Compound interest calculator.app/Contents/MacOS/Compound interest calculator";
			};
			name = Debug;
		};
		C4CFD4AD19ABD563000032A9 /* Release */ = {
			isa = XCBuildConfiguration;
			buildSettings = {
				BUNDLE_LOADER = "$(TEST_HOST)";
				COMBINE_HIDPI_IMAGES = YES;
				FRAMEWORK_SEARCH_PATHS = (
					"$(DEVELOPER_FRAMEWORKS_DIR)",
					"$(inherited)",
				);
				INFOPLIST_FILE = "Compound interest calculatorTests/Info.plist";
				LD_RUNPATH_SEARCH_PATHS = "$(inherited) @executable_path/../Frameworks @loader_path/../Frameworks";
				PRODUCT_NAME = "$(TARGET_NAME)";
				TEST_HOST = "$(BUILT_PRODUCTS_DIR)/Compound interest calculator.app/Contents/MacOS/Compound interest calculator";
			};
			name = Release;
		};
/* End XCBuildConfiguration section */

/* Begin XCConfigurationList section */
		C4CFD48619ABD563000032A9 /* Build configuration list for PBXProject "Compound interest calculator" */ = {
			isa = XCConfigurationList;
			buildConfigurations = (
				C4CFD4A619ABD563000032A9 /* Debug */,
				C4CFD4A719ABD563000032A9 /* Release */,
			);
			defaultConfigurationIsVisible = 0;
			defaultConfigurationName = Release;
		};
		C4CFD4A819ABD563000032A9 /* Build configuration list for PBXNativeTarget "Compound interest calculator" */ = {
			isa = XCConfigurationList;
			buildConfigurations = (
				C4CFD4A919ABD563000032A9 /* Debug */,
				C4CFD4AA19ABD563000032A9 /* Release */,
			);
			defaultConfigurationIsVisible = 0;
		};
		C4CFD4AB19ABD563000032A9 /* Build configuration list for PBXNativeTarget "Compound interest calculatorTests" */ = {
			isa = XCConfigurationList;
			buildConfigurations = (
				C4CFD4AC19ABD563000032A9 /* Debug */,
				C4CFD4AD19ABD563000032A9 /* Release */,
			);
			defaultConfigurationIsVisible = 0;
		};
/* End XCConfigurationList section */
	};
	rootObject = C4CFD48319ABD563000032A9 /* Project object */;
}
